
Microsoft Visual Studio Solution File, Format Version 10.00
# Visual Studio 2008
Project("{8BC9CEB8-8B4A-11D0-8D11-00A0C91BC942}") = "demos", "demos\demos.vcproj", "{6FF2D53D-7602-4B13-9E4B-091DB3E7FD81}"
EndProject
Global
	GlobalSection(SolutionConfigurationPlatforms) = preSolution
		Debug|Win32 = Debug|Win32
		Release|Win32 = Release|Win32
	EndGlobalSection
	GlobalSection(ProjectConfigurationPlatforms) = postSolution
		{6FF2D53D-7602-4B13-9E4B-091DB3E7FD81}.Debug|Win32.ActiveCfg = Debug|Win32
		{6FF2D53D-7602-4B13-9E4B-091DB3E7FD81}.Debug|Win32.Build.0 = Debug|Win32
		{6FF2D53D-7602-4B13-9E4B-091DB3E7FD81}.Release|Win32.ActiveCfg = Release|Win32
		{6FF2D53D-7602-4B13-9E4B-091DB3E7FD81}.Release|Win32.Build.0 = Release|Win32
	EndGlobalSection
	GlobalSection(SolutionProperties) = preSolution
		HideSolutionNode = FALSE
	EndGlobalSection
EndGlobal
